// !$*UTF8*$!
{
	archiveVersion = 1;
	classes = {
	};
	objectVersion = 46;
	objects = {

/* Begin PBXBuildFile section */
		91158DAB1CE52E8C00F75F44 /* main.cpp in Sources */ = {isa = PBXBuildFile; fileRef = 91158DAA1CE52E8C00F75F44 /* main.cpp */; };
		91158DB61CEBB16A00F75F44 /* Utilities.cpp in Sources */ = {isa = PBXBuildFile; fileRef = 91158DB41CEBB16A00F75F44 /* Utilities.cpp */; };
/* End PBXBuildFile section */

/* Begin PBXCopyFilesBuildPhase section */
		91158DA51CE52E8C00F75F44 /* CopyFiles */ = {
			isa = PBXCopyFilesBuildPhase;
			buildActionMask = 2147483647;
			dstPath = /usr/share/man/man1/;
			dstSubfolderSpec = 0;
			files = (
			);
			runOnlyForDeploymentPostprocessing = 1;
		};
/* End PBXCopyFilesBuildPhase section */

/* Begin PBXFileReference section */
		91158DA71CE52E8C00F75F44 /* FINAL_PROJECT */ = {isa = PBXFileReference; explicitFileType = "compiled.mach-o.executable"; includeInIndex = 0; path = FINAL_PROJECT; sourceTree = BUILT_PRODUCTS_DIR; };
		91158DAA1CE52E8C00F75F44 /* main.cpp */ = {isa = PBXFileReference; lastKnownFileType = sourcecode.cpp.cpp; path = main.cpp; sourceTree = "<group>"; };
		91158DB41CEBB16A00F75F44 /* Utilities.cpp */ = {isa = PBXFileReference; fileEncoding = 4; lastKnownFileType = sourcecode.cpp.cpp; path = Utilities.cpp; sourceTree = "<group>"; };
		91158DB51CEBB16A00F75F44 /* Utilities.hpp */ = {isa = PBXFileReference; fileEncoding = 4; lastKnownFileType = sourcecode.cpp.h; path = Utilities.hpp; sourceTree = "<group>"; };
/* End PBXFileReference section */

/* Begin PBXFrameworksBuildPhase section */
		91158DA41CE52E8C00F75F44 /* Frameworks */ = {
			isa = PBXFrameworksBuildPhase;
			buildActionMask = 2147483647;
			files = (
			);
			runOnlyForDeploymentPostprocessing = 0;
		};
/* End PBXFrameworksBuildPhase section */

/* Begin PBXGroup section */
		91158D9E1CE52E8C00F75F44 = {
			isa = PBXGroup;
			children = (
				91158DA91CE52E8C00F75F44 /* FINAL_PROJECT */,
				91158DA81CE52E8C00F75F44 /* Products */,
			);
			sourceTree = "<group>";
		};
		91158DA81CE52E8C00F75F44 /* Products */ = {
			isa = PBXGroup;
			children = (
				91158DA71CE52E8C00F75F44 /* FINAL_PROJECT */,
			);
			name = Products;
			sourceTree = "<group>";
		};
		91158DA91CE52E8C00F75F44 /* FINAL_PROJECT */ = {
			isa = PBXGroup;
			children = (
				91158DAA1CE52E8C00F75F44 /* main.cpp */,
				91158DB41CEBB16A00F75F44 /* Utilities.cpp */,
				91158DB51CEBB16A00F75F44 /* Utilities.hpp */,
			);
			path = FINAL_PROJECT;
			sourceTree = "<group>";
		};
/* End PBXGroup section */

/* Begin PBXNativeTarget section */
		91158DA61CE52E8C00F75F44 /* FINAL_PROJECT */ = {
			isa = PBXNativeTarget;
			buildConfigurationList = 91158DAE1CE52E8C00F75F44 /* Build configuration list for PBXNativeTarget "FINAL_PROJECT" */;
			buildPhases = (
				91158DA31CE52E8C00F75F44 /* Sources */,
				91158DA41CE52E8C00F75F44 /* Frameworks */,
				91158DA51CE52E8C00F75F44 /* CopyFiles */,
			);
			buildRules = (
			);
			dependencies = (
			);
			name = FINAL_PROJECT;
			productName = FINAL_PROJECT;
			productReference = 91158DA71CE52E8C00F75F44 /* FINAL_PROJECT */;
			productType = "com.apple.product-type.tool";
		};
/* End PBXNativeTarget section */

/* Begin PBXProject section */
		91158D9F1CE52E8C00F75F44 /* Project object */ = {
			isa = PBXProject;
			attributes = {
				LastUpgradeCheck = 0610;
				ORGANIZATIONNAME = "Shannon Smith";
				TargetAttributes = {
					91158DA61CE52E8C00F75F44 = {
						CreatedOnToolsVersion = 6.1;
					};
				};
			};
			buildConfigurationList = 91158DA21CE52E8C00F75F44 /* Build configuration list for PBXProject "FINAL_PROJECT" */;
			compatibilityVersion = "Xcode 3.2";
			developmentRegion = English;
			hasScannedForEncodings = 0;
			knownRegions = (
				en,
			);
			mainGroup = 91158D9E1CE52E8C00F75F44;
			productRefGroup = 91158DA81CE52E8C00F75F44 /* Products */;
			projectDirPath = "";
			projectRoot = "";
			targets = (
				91158DA61CE52E8C00F75F44 /* FINAL_PROJECT */,
			);
		};
/* End PBXProject section */

/* Begin PBXSourcesBuildPhase section */
		91158DA31CE52E8C00F75F44 /* Sources */ = {
			isa = PBXSourcesBuildPhase;
			buildActionMask = 2147483647;
			files = (
				91158DB61CEBB16A00F75F44 /* Utilities.cpp in Sources */,
				91158DAB1CE52E8C00F75F44 /* main.cpp in Sources */,
			);
			runOnlyForDeploymentPostprocessing = 0;
		};
/* End PBXSourcesBuildPhase section */

/* Begin XCBuildConfiguration section */
		91158DAC1CE52E8C00F75F44 /* Debug */ = {
			isa = XCBuildConfiguration;
			buildSettings = {
				ALWAYS_SEARCH_USER_PATHS = NO;
				CLANG_CXX_LANGUAGE_STANDARD = "gnu++0x";
				CLANG_CXX_LIBRARY = "libc++";
				CLANG_ENABLE_MODULES = YES;
				CLANG_ENABLE_OBJC_ARC = YES;
				CLANG_WARN_BOOL_CONVERSION = YES;
				CLANG_WARN_CONSTANT_CONVERSION = YES;
				CLANG_WARN_DIRECT_OBJC_ISA_USAGE = YES_ERROR;
				CLANG_WARN_EMPTY_BODY = YES;
				CLANG_WARN_ENUM_CONVERSION = YES;
				CLANG_WARN_INT_CONVERSION = YES;
				CLANG_WARN_OBJC_ROOT_CLASS = YES_ERROR;
				CLANG_WARN_UNREACHABLE_CODE = YES;
				CLANG_WARN__DUPLICATE_METHOD_MATCH = YES;
				COPY_PHASE_STRIP = NO;
				ENABLE_STRICT_OBJC_MSGSEND = YES;
				GCC_C_LANGUAGE_STANDARD = gnu99;
				GCC_DYNAMIC_NO_PIC = NO;
				GCC_OPTIMIZATION_LEVEL = 0;
				GCC_PREPROCESSOR_DEFINITIONS = (
					"DEBUG=1",
					"$(inherited)",
				);
				GCC_SYMBOLS_PRIVATE_EXTERN = NO;
				GCC_WARN_64_TO_32_BIT_CONVERSION = YES;
				GCC_WARN_ABOUT_RETURN_TYPE = YES_ERROR;
				GCC_WARN_UNDECLARED_SELECTOR = YES;
				GCC_WARN_UNINITIALIZED_AUTOS = YES_AGGRESSIVE;
				GCC_WARN_UNUSED_FUNCTION = YES;
				GCC_WARN_UNUSED_VARIABLE = YES;
				MACOSX_DEPLOYMENT_TARGET = 10.11;
				MTL_ENABLE_DEBUG_INFO = YES;
				ONLY_ACTIVE_ARCH = YES;
				SDKROOT = macosx;
			};
			name = Debug;
		};
		91158DAD1CE52E8C00F75F44 /* Release */ = {
			isa = XCBuildConfiguration;
			buildSettings = {
				ALWAYS_SEARCH_USER_PATHS = NO;
				CLANG_CXX_LANGUAGE_STANDARD = "gnu++0x";
				CLANG_CXX_LIBRARY = "libc++";
				CLANG_ENABLE_MODULES = YES;
				CLANG_ENABLE_OBJC_ARC = YES;
				CLANG_WARN_BOOL_CONVERSION = YES;
				CLANG_WARN_CONSTANT_CONVERSION = YES;
				CLANG_WARN_DIRECT_OBJC_ISA_USAGE = YES_ERROR;
				CLANG_WARN_EMPTY_BODY = YES;
				CLANG_WARN_ENUM_CONVERSION = YES;
				CLANG_WARN_INT_CONVERSION = YES;
				CLANG_WARN_OBJC_ROOT_CLASS = YES_ERROR;
				CLANG_WARN_UNREACHABLE_CODE = YES;
				CLANG_WARN__DUPLICATE_METHOD_MATCH = YES;
				COPY_PHASE_STRIP = YES;
				DEBUG_INFORMATION_FORMAT = "dwarf-with-dsym";
				ENABLE_NS_ASSERTIONS = NO;
				ENABLE_STRICT_OBJC_MSGSEND = YES;
				GCC_C_LANGUAGE_STANDARD = gnu99;
				GCC_WARN_64_TO_32_BIT_CONVERSION = YES;
				GCC_WARN_ABOUT_RETURN_TYPE = YES_ERROR;
				GCC_WARN_UNDECLARED_SELECTOR = YES;
				GCC_WARN_UNINITIALIZED_AUTOS = YES_AGGRESSIVE;
				GCC_WARN_UNUSED_FUNCTION = YES;
				GCC_WARN_UNUSED_VARIABLE = YES;
				MACOSX_DEPLOYMENT_TARGET = 10.11;
				MTL_ENABLE_DEBUG_INFO = NO;
				SDKROOT = macosx;
			};
			name = Release;
		};
		91158DAF1CE52E8C00F75F44 /* Debug */ = {
			isa = XCBuildConfiguration;
			buildSettings = {
				PRODUCT_NAME = "$(TARGET_NAME)";
			};
			name = Debug;
		};
		91158DB01CE52E8C00F75F44 /* Release */ = {
			isa = XCBuildConfiguration;
			buildSettings = {
				PRODUCT_NAME = "$(TARGET_NAME)";
			};
			name = Release;
		};
/* End XCBuildConfiguration section */

/* Begin XCConfigurationList section */
		91158DA21CE52E8C00F75F44 /* Build configuration list for PBXProject "FINAL_PROJECT" */ = {
			isa = XCConfigurationList;
			buildConfigurations = (
				91158DAC1CE52E8C00F75F44 /* Debug */,
				91158DAD1CE52E8C00F75F44 /* Release */,
			);
			defaultConfigurationIsVisible = 0;
			defaultConfigurationName = Release;
		};
		91158DAE1CE52E8C00F75F44 /* Build configuration list for PBXNativeTarget "FINAL_PROJECT" */ = {
			isa = XCConfigurationList;
			buildConfigurations = (
				91158DAF1CE52E8C00F75F44 /* Debug */,
				91158DB01CE52E8C00F75F44 /* Release */,
			);
			defaultConfigurationIsVisible = 0;
		};
/* End XCConfigurationList section */
	};
	rootObject = 91158D9F1CE52E8C00F75F44 /* Project object */;
}
